{
  "name": "gen_pgp_keys",
  "version": "1.0.0",
  "lockfileVersion": 1,
  "requires": true,
  "dependencies": {
    "eslint-plugin-mocha-only": {
      "version": "0.0.3",
      "resolved": "https://registry.npmjs.org/eslint-plugin-mocha-only/-/eslint-plugin-mocha-only-0.0.3.tgz",
      "integrity": "sha1-8dEoTPIrefVOwf35iAye8FE5wkA=",
      "dev": true
    }
  }
}
